
Microsoft Visual Studio Solution File, Format Version 11.00
# Visual Studio 2010
Project("{FAE04EC0-301F-11D3-BF4B-00C04F79EFBC}") = "MapReduce.Core", "Core\MapReduce.Core.csproj", "{D88157A7-F05D-4ED6-91AD-4DC71A745205}"
EndProject
Project("{FAE04EC0-301F-11D3-BF4B-00C04F79EFBC}") = "MapReduce.Tests", "Tests\MapReduce.Tests.csproj", "{2F795A25-720F-4B18-9400-82CB7B64C08E}"
EndProject
Global
	GlobalSection(SolutionConfigurationPlatforms) = preSolution
		Debug|Any CPU = Debug|Any CPU
		Release|Any CPU = Release|Any CPU
	EndGlobalSection
	GlobalSection(ProjectConfigurationPlatforms) = postSolution
		{D88157A7-F05D-4ED6-91AD-4DC71A745205}.Debug|Any CPU.ActiveCfg = Debug|Any CPU
		{D88157A7-F05D-4ED6-91AD-4DC71A745205}.Debug|Any CPU.Build.0 = Debug|Any CPU
		{D88157A7-F05D-4ED6-91AD-4DC71A745205}.Release|Any CPU.ActiveCfg = Release|Any CPU
		{D88157A7-F05D-4ED6-91AD-4DC71A745205}.Release|Any CPU.Build.0 = Release|Any CPU
		{2F795A25-720F-4B18-9400-82CB7B64C08E}.Debug|Any CPU.ActiveCfg = Debug|Any CPU
		{2F795A25-720F-4B18-9400-82CB7B64C08E}.Debug|Any CPU.Build.0 = Debug|Any CPU
		{2F795A25-720F-4B18-9400-82CB7B64C08E}.Release|Any CPU.ActiveCfg = Release|Any CPU
		{2F795A25-720F-4B18-9400-82CB7B64C08E}.Release|Any CPU.Build.0 = Release|Any CPU
	EndGlobalSection
	GlobalSection(SolutionProperties) = preSolution
		HideSolutionNode = FALSE
	EndGlobalSection
EndGlobal
